
Microsoft Visual Studio Solution File, Format Version 12.00
# Visual Studio Version 17
VisualStudioVersion = 17.10.35122.118
MinimumVisualStudioVersion = 10.0.40219.1
Project("{FAE04EC0-301F-11D3-BF4B-00C04F79EFBC}") = "Web6", "Web6\Web6.csproj", "{A56E7D4E-FC99-4FF0-8A94-DBB85511B56B}"
EndProject
Global
	GlobalSection(SolutionConfigurationPlatforms) = preSolution
		Debug|Any CPU = Debug|Any CPU
		Release|Any CPU = Release|Any CPU
	EndGlobalSection
	GlobalSection(ProjectConfigurationPlatforms) = postSolution
		{A56E7D4E-FC99-4FF0-8A94-DBB85511B56B}.Debug|Any CPU.ActiveCfg = Debug|Any CPU
		{A56E7D4E-FC99-4FF0-8A94-DBB85511B56B}.Debug|Any CPU.Build.0 = Debug|Any CPU
		{A56E7D4E-FC99-4FF0-8A94-DBB85511B56B}.Release|Any CPU.ActiveCfg = Release|Any CPU
		{A56E7D4E-FC99-4FF0-8A94-DBB85511B56B}.Release|Any CPU.Build.0 = Release|Any CPU
	EndGlobalSection
	GlobalSection(SolutionProperties) = preSolution
		HideSolutionNode = FALSE
	EndGlobalSection
	GlobalSection(ExtensibilityGlobals) = postSolution
		SolutionGuid = {C261ECFB-3485-4DED-BE9F-42622E0A3484}
	EndGlobalSection
EndGlobal
